github.com/chromedp/cdproto v0.0.0-20250724212937-08a3db8b4327 h1:UQ4AU+BGti3Sy/aLU8KVseYKNALcX9UXY6DfpwQ6J8E=
github.com/chromedp/cdproto v0.0.0-20250724212937-08a3db8b4327/go.mod h1:NItd7aLkcfOA/dcMXvl8p1u+lQqioRMq/SqDp71Pb/k=
github.com/chromedp/sysutil v1.1.0 h1:PUFNv5EcprjqXZD9nJb9b/c9ibAbxiYo4exNWZyipwM=
github.com/chromedp/sysutil v1.1.0/go.mod h1:WiThHUdltqCNKGc4gaU50XgYjwjYIhKWoHGPTUfWTJ8=
github.com/denisbrodbeck/machineid v1.0.1 h1:geKr9qtkB876mXguW2X6TU4ZynleN6ezuMSRhl4D7AQ=
github.com/denisbrodbeck/machineid v1.0.1/go.mod h1:dJUwb7PTidGDeYyUBmXZ2GphQBbjJCrnectwCyxcUSI=
github.com/go-json-experiment/json v0.0.0-20250725192818-e39067aee2d2 h1:iizUGZ9pEquQS5jTGkh4AqeeHCMbfbjeb0zMt0aEFzs=
github.com/go-json-experiment/json v0.0.0-20250725192818-e39067aee2d2/go.mod h1:TiCD2a1pcmjd7YnhGH0f/zKNcCD06B029pHhzV23c2M=
github.com/koltyakov/gosip v0.0.0-20250809193426-13b579cbf9c5 h1:A1VTCghodJgfDz8vHXBj2FjWcezOgXMU+ZjOpew6EVc=
github.com/koltyakov/gosip v0.0.0-20250809193426-13b579cbf9c5/go.mod h1:iGa6Hztk2pu8iB71KSaQTUCJP8zn7V0VasbPrI6UxAw=
github.com/patrickmn/go-cache v2.1.0+incompatible h1:HRMgzkcYKYpi3C8ajMPV8OFXaaRUnok+kx1WdO15EQc=
github.com/patrickmn/go-cache v2.1.0+incompatible/go.mod h1:3Qf8kWWT7OJRJbdiICTKqZju1ZixQ/KpMGzzAfe6+WQ=
golang.org/x/sys v0.34.0 h1:H5Y5sJ2L2JRdyv7ROF1he/lPdvFsd0mJHFw2ThKHxLA=
golang.org/x/sys v0.34.0/go.mod h1:BJP2sWEmIv4KK5OTEluFJCKSidICx8ciO85XgH3Ak8k=
